
Microsoft Visual Studio Solution File, Format Version 12.00
Project("{F2A71F9B-5D33-465A-A702-920D77279786}") = "Tpaktop.Api", "Tpaktop.Api\Tpaktop.Api.fsproj", "{4DDFD2C9-117A-4163-A986-579BFF77DDA7}"
EndProject
Project("{F2A71F9B-5D33-465A-A702-920D77279786}") = "Tpaktop.Migrator", "Tpaktop.Migrator\Tpaktop.Migrator.fsproj", "{B5CB26F4-B336-487D-B298-65B51C6BA9C0}"
EndProject
Global
	GlobalSection(SolutionConfigurationPlatforms) = preSolution
		Debug|Any CPU = Debug|Any CPU
		Release|Any CPU = Release|Any CPU
	EndGlobalSection
	GlobalSection(ProjectConfigurationPlatforms) = postSolution
		{4DDFD2C9-117A-4163-A986-579BFF77DDA7}.Debug|Any CPU.ActiveCfg = Debug|Any CPU
		{4DDFD2C9-117A-4163-A986-579BFF77DDA7}.Debug|Any CPU.Build.0 = Debug|Any CPU
		{4DDFD2C9-117A-4163-A986-579BFF77DDA7}.Release|Any CPU.ActiveCfg = Release|Any CPU
		{4DDFD2C9-117A-4163-A986-579BFF77DDA7}.Release|Any CPU.Build.0 = Release|Any CPU
		{B5CB26F4-B336-487D-B298-65B51C6BA9C0}.Debug|Any CPU.ActiveCfg = Debug|Any CPU
		{B5CB26F4-B336-487D-B298-65B51C6BA9C0}.Debug|Any CPU.Build.0 = Debug|Any CPU
		{B5CB26F4-B336-487D-B298-65B51C6BA9C0}.Release|Any CPU.ActiveCfg = Release|Any CPU
		{B5CB26F4-B336-487D-B298-65B51C6BA9C0}.Release|Any CPU.Build.0 = Release|Any CPU
	EndGlobalSection
EndGlobal
